
Microsoft Visual Studio Solution File, Format Version 12.00
# Visual Studio Version 17
VisualStudioVersion = 17.6.33815.320
MinimumVisualStudioVersion = 10.0.40219.1
Project("{FAE04EC0-301F-11D3-BF4B-00C04F79EFBC}") = "latinTranslator", "latinTranslator.csproj", "{74AFA0D3-22F3-4140-A824-FC9D3AF7F4DC}"
EndProject
Global
	GlobalSection(SolutionConfigurationPlatforms) = preSolution
		Debug|Any CPU = Debug|Any CPU
		Release|Any CPU = Release|Any CPU
	EndGlobalSection
	GlobalSection(ProjectConfigurationPlatforms) = postSolution
		{74AFA0D3-22F3-4140-A824-FC9D3AF7F4DC}.Debug|Any CPU.ActiveCfg = Debug|Any CPU
		{74AFA0D3-22F3-4140-A824-FC9D3AF7F4DC}.Debug|Any CPU.Build.0 = Debug|Any CPU
		{74AFA0D3-22F3-4140-A824-FC9D3AF7F4DC}.Release|Any CPU.ActiveCfg = Release|Any CPU
		{74AFA0D3-22F3-4140-A824-FC9D3AF7F4DC}.Release|Any CPU.Build.0 = Release|Any CPU
	EndGlobalSection
	GlobalSection(SolutionProperties) = preSolution
		HideSolutionNode = FALSE
	EndGlobalSection
	GlobalSection(ExtensibilityGlobals) = postSolution
		SolutionGuid = {EB6B6BF1-FF55-4123-923F-915164BA7FF3}
	EndGlobalSection
EndGlobal
