
Microsoft Visual Studio Solution File, Format Version 12.00
# Visual Studio Version 17
VisualStudioVersion = 17.6.33815.320
MinimumVisualStudioVersion = 10.0.40219.1
Project("{FAE04EC0-301F-11D3-BF4B-00C04F79EFBC}") = "Activity5", "Activity5.csproj", "{69EF1CB4-1FED-4A13-AE68-C071EF3B3C17}"
EndProject
Global
	GlobalSection(SolutionConfigurationPlatforms) = preSolution
		Debug|Any CPU = Debug|Any CPU
		Release|Any CPU = Release|Any CPU
	EndGlobalSection
	GlobalSection(ProjectConfigurationPlatforms) = postSolution
		{69EF1CB4-1FED-4A13-AE68-C071EF3B3C17}.Debug|Any CPU.ActiveCfg = Debug|Any CPU
		{69EF1CB4-1FED-4A13-AE68-C071EF3B3C17}.Debug|Any CPU.Build.0 = Debug|Any CPU
		{69EF1CB4-1FED-4A13-AE68-C071EF3B3C17}.Release|Any CPU.ActiveCfg = Release|Any CPU
		{69EF1CB4-1FED-4A13-AE68-C071EF3B3C17}.Release|Any CPU.Build.0 = Release|Any CPU
	EndGlobalSection
	GlobalSection(SolutionProperties) = preSolution
		HideSolutionNode = FALSE
	EndGlobalSection
	GlobalSection(ExtensibilityGlobals) = postSolution
		SolutionGuid = {939049E9-20B0-4543-B013-44FEDE57D00E}
	EndGlobalSection
EndGlobal
